
Microsoft Visual Studio Solution File, Format Version 12.00
# Visual Studio Version 17
VisualStudioVersion = 17.7.34031.279
MinimumVisualStudioVersion = 10.0.40219.1
Project("{8BC9CEB8-8B4A-11D0-8D11-00A0C91BC942}") = "p15 count number in matrix", "p15 count number in matrix\p15 count number in matrix.vcxproj", "{296AFFBB-6AA2-4BA9-94DE-CCA24AD7AF99}"
EndProject
Global
	GlobalSection(SolutionConfigurationPlatforms) = preSolution
		Debug|x64 = Debug|x64
		Debug|x86 = Debug|x86
		Release|x64 = Release|x64
		Release|x86 = Release|x86
	EndGlobalSection
	GlobalSection(ProjectConfigurationPlatforms) = postSolution
		{296AFFBB-6AA2-4BA9-94DE-CCA24AD7AF99}.Debug|x64.ActiveCfg = Debug|x64
		{296AFFBB-6AA2-4BA9-94DE-CCA24AD7AF99}.Debug|x64.Build.0 = Debug|x64
		{296AFFBB-6AA2-4BA9-94DE-CCA24AD7AF99}.Debug|x86.ActiveCfg = Debug|Win32
		{296AFFBB-6AA2-4BA9-94DE-CCA24AD7AF99}.Debug|x86.Build.0 = Debug|Win32
		{296AFFBB-6AA2-4BA9-94DE-CCA24AD7AF99}.Release|x64.ActiveCfg = Release|x64
		{296AFFBB-6AA2-4BA9-94DE-CCA24AD7AF99}.Release|x64.Build.0 = Release|x64
		{296AFFBB-6AA2-4BA9-94DE-CCA24AD7AF99}.Release|x86.ActiveCfg = Release|Win32
		{296AFFBB-6AA2-4BA9-94DE-CCA24AD7AF99}.Release|x86.Build.0 = Release|Win32
	EndGlobalSection
	GlobalSection(SolutionProperties) = preSolution
		HideSolutionNode = FALSE
	EndGlobalSection
	GlobalSection(ExtensibilityGlobals) = postSolution
		SolutionGuid = {B20F730B-645F-4608-A8EC-85BAE6C2D114}
	EndGlobalSection
EndGlobal
